
Microsoft Visual Studio Solution File, Format Version 12.00
# Visual Studio Version 17
VisualStudioVersion = 17.2.32616.157
MinimumVisualStudioVersion = 10.0.40219.1
Project("{FAE04EC0-301F-11D3-BF4B-00C04F79EFBC}") = "Demonstrate the relational and logical operators", "Demonstrate the relational and logical operators.csproj", "{CE52C27F-9A3B-42A8-9066-4A1BD4622C02}"
EndProject
Global
	GlobalSection(SolutionConfigurationPlatforms) = preSolution
		Debug|Any CPU = Debug|Any CPU
		Release|Any CPU = Release|Any CPU
	EndGlobalSection
	GlobalSection(ProjectConfigurationPlatforms) = postSolution
		{CE52C27F-9A3B-42A8-9066-4A1BD4622C02}.Debug|Any CPU.ActiveCfg = Debug|Any CPU
		{CE52C27F-9A3B-42A8-9066-4A1BD4622C02}.Debug|Any CPU.Build.0 = Debug|Any CPU
		{CE52C27F-9A3B-42A8-9066-4A1BD4622C02}.Release|Any CPU.ActiveCfg = Release|Any CPU
		{CE52C27F-9A3B-42A8-9066-4A1BD4622C02}.Release|Any CPU.Build.0 = Release|Any CPU
	EndGlobalSection
	GlobalSection(SolutionProperties) = preSolution
		HideSolutionNode = FALSE
	EndGlobalSection
	GlobalSection(ExtensibilityGlobals) = postSolution
		SolutionGuid = {29FBF17A-039C-4F0F-A7A9-D3C44D12715D}
	EndGlobalSection
EndGlobal
